PODS:
  - AFNetworking (3.1.0):
    - AFNetworking/NSURLSession (= 3.1.0)
    - AFNetworking/Reachability (= 3.1.0)
    - AFNetworking/Security (= 3.1.0)
    - AFNetworking/Serialization (= 3.1.0)
    - AFNetworking/UIKit (= 3.1.0)
  - AFNetworking/NSURLSession (3.1.0):
    - AFNetworking/Reachability
    - AFNetworking/Security
    - AFNetworking/Serialization
  - AFNetworking/Reachability (3.1.0)
  - AFNetworking/Security (3.1.0)
  - AFNetworking/Serialization (3.1.0)
  - AFNetworking/UIKit (3.1.0):
    - AFNetworking/NSURLSession
  - PINCache (3.0.1-beta.2):
    - PINCache/Arc-exception-safe (= 3.0.1-beta.2)
    - PINCache/Core (= 3.0.1-beta.2)
  - PINCache/Arc-exception-safe (3.0.1-beta.2):
    - PINCache/Core
  - PINCache/Core (3.0.1-beta.2)

DEPENDENCIES:
  - AFNetworking (~> 3.1.0)
  - PINCache (~> 3.0.1-beta)

SPEC CHECKSUMS:
  AFNetworking: 5e0e199f73d8626b11e79750991f5d173d1f8b67
  PINCache: 6d273a6e0754bd26e3f12a38a90dde73cc6a42b2

PODFILE CHECKSUM: a585b43d431c99275a77dfe104258b3debf03b77

COCOAPODS: 1.1.0.rc.3
