// !$*UTF8*$!
{
	archiveVersion = 1;
	classes = {
	};
	objectVersion = 46;
	objects = {

/* Begin PBXBuildFile section */
		7813E4771E1FA3B2000B16A9 /* DemoTabbar.m in Sources */ = {isa = PBXBuildFile; fileRef = 7813E4731E1FA3B2000B16A9 /* DemoTabbar.m */; };
		7813E4781E1FA3B2000B16A9 /* HHZTabbarTool.m in Sources */ = {isa = PBXBuildFile; fileRef = 7813E4761E1FA3B2000B16A9 /* HHZTabbarTool.m */; };
/* End PBXBuildFile section */

/* Begin PBXCopyFilesBuildPhase section */
		7813E45D1E1FA35F000B16A9 /* CopyFiles */ = {
			isa = PBXCopyFilesBuildPhase;
			buildActionMask = 2147483647;
			dstPath = "include/$(PRODUCT_NAME)";
			dstSubfolderSpec = 16;
			files = (
			);
			runOnlyForDeploymentPostprocessing = 0;
		};
/* End PBXCopyFilesBuildPhase section */

/* Begin PBXFileReference section */
		7813E45F1E1FA35F000B16A9 /* libTabbar.a */ = {isa = PBXFileReference; explicitFileType = archive.ar; includeInIndex = 0; path = libTabbar.a; sourceTree = BUILT_PRODUCTS_DIR; };
		7813E4721E1FA3B2000B16A9 /* DemoTabbar.h */ = {isa = PBXFileReference; fileEncoding = 4; lastKnownFileType = sourcecode.c.h; path = DemoTabbar.h; sourceTree = "<group>"; };
		7813E4731E1FA3B2000B16A9 /* DemoTabbar.m */ = {isa = PBXFileReference; fileEncoding = 4; lastKnownFileType = sourcecode.c.objc; path = DemoTabbar.m; sourceTree = "<group>"; };
		7813E4741E1FA3B2000B16A9 /* hhztabbar.plist */ = {isa = PBXFileReference; fileEncoding = 4; lastKnownFileType = text.plist.xml; path = hhztabbar.plist; sourceTree = "<group>"; };
		7813E4751E1FA3B2000B16A9 /* HHZTabbarTool.h */ = {isa = PBXFileReference; fileEncoding = 4; lastKnownFileType = sourcecode.c.h; path = HHZTabbarTool.h; sourceTree = "<group>"; };
		7813E4761E1FA3B2000B16A9 /* HHZTabbarTool.m */ = {isa = PBXFileReference; fileEncoding = 4; lastKnownFileType = sourcecode.c.objc; path = HHZTabbarTool.m; sourceTree = "<group>"; };
		7813E48D1E1FA449000B16A9 /* PrefixHeader.pch */ = {isa = PBXFileReference; lastKnownFileType = sourcecode.c.h; path = PrefixHeader.pch; sourceTree = "<group>"; };
/* End PBXFileReference section */

/* Begin PBXFrameworksBuildPhase section */
		7813E45C1E1FA35F000B16A9 /* Frameworks */ = {
			isa = PBXFrameworksBuildPhase;
			buildActionMask = 2147483647;
			files = (
			);
			runOnlyForDeploymentPostprocessing = 0;
		};
/* End PBXFrameworksBuildPhase section */

/* Begin PBXGroup section */
		7813E4561E1FA35F000B16A9 = {
			isa = PBXGroup;
			children = (
				7813E4711E1FA3B2000B16A9 /* Tabbar */,
				7813E4601E1FA35F000B16A9 /* Products */,
			);
			sourceTree = "<group>";
		};
		7813E4601E1FA35F000B16A9 /* Products */ = {
			isa = PBXGroup;
			children = (
				7813E45F1E1FA35F000B16A9 /* libTabbar.a */,
			);
			name = Products;
			sourceTree = "<group>";
		};
		7813E4711E1FA3B2000B16A9 /* Tabbar */ = {
			isa = PBXGroup;
			children = (
				7813E4721E1FA3B2000B16A9 /* DemoTabbar.h */,
				7813E4731E1FA3B2000B16A9 /* DemoTabbar.m */,
				7813E4741E1FA3B2000B16A9 /* hhztabbar.plist */,
				7813E4751E1FA3B2000B16A9 /* HHZTabbarTool.h */,
				7813E4761E1FA3B2000B16A9 /* HHZTabbarTool.m */,
				7813E48D1E1FA449000B16A9 /* PrefixHeader.pch */,
			);
			path = Tabbar;
			sourceTree = "<group>";
		};
/* End PBXGroup section */

/* Begin PBXNativeTarget section */
		7813E45E1E1FA35F000B16A9 /* Tabbar */ = {
			isa = PBXNativeTarget;
			buildConfigurationList = 7813E4681E1FA35F000B16A9 /* Build configuration list for PBXNativeTarget "Tabbar" */;
			buildPhases = (
				7813E45B1E1FA35F000B16A9 /* Sources */,
				7813E45C1E1FA35F000B16A9 /* Frameworks */,
				7813E45D1E1FA35F000B16A9 /* CopyFiles */,
			);
			buildRules = (
			);
			dependencies = (
			);
			name = Tabbar;
			productName = Tabbar;
			productReference = 7813E45F1E1FA35F000B16A9 /* libTabbar.a */;
			productType = "com.apple.product-type.library.static";
		};
/* End PBXNativeTarget section */

/* Begin PBXProject section */
		7813E4571E1FA35F000B16A9 /* Project object */ = {
			isa = PBXProject;
			attributes = {
				LastUpgradeCheck = 0820;
				ORGANIZATIONNAME = "陈哲是个好孩子";
				TargetAttributes = {
					7813E45E1E1FA35F000B16A9 = {
						CreatedOnToolsVersion = 8.2.1;
						ProvisioningStyle = Automatic;
					};
				};
			};
			buildConfigurationList = 7813E45A1E1FA35F000B16A9 /* Build configuration list for PBXProject "Tabbar" */;
			compatibilityVersion = "Xcode 3.2";
			developmentRegion = English;
			hasScannedForEncodings = 0;
			knownRegions = (
				en,
			);
			mainGroup = 7813E4561E1FA35F000B16A9;
			productRefGroup = 7813E4601E1FA35F000B16A9 /* Products */;
			projectDirPath = "";
			projectRoot = "";
			targets = (
				7813E45E1E1FA35F000B16A9 /* Tabbar */,
			);
		};
/* End PBXProject section */

/* Begin PBXSourcesBuildPhase section */
		7813E45B1E1FA35F000B16A9 /* Sources */ = {
			isa = PBXSourcesBuildPhase;
			buildActionMask = 2147483647;
			files = (
				7813E4781E1FA3B2000B16A9 /* HHZTabbarTool.m in Sources */,
				7813E4771E1FA3B2000B16A9 /* DemoTabbar.m in Sources */,
			);
			runOnlyForDeploymentPostprocessing = 0;
		};
/* End PBXSourcesBuildPhase section */

/* Begin XCBuildConfiguration section */
		7813E4661E1FA35F000B16A9 /* Debug */ = {
			isa = XCBuildConfiguration;
			buildSettings = {
				ALWAYS_SEARCH_USER_PATHS = NO;
				CLANG_ANALYZER_NONNULL = YES;
				CLANG_CXX_LANGUAGE_STANDARD = "gnu++0x";
				CLANG_CXX_LIBRARY = "libc++";
				CLANG_ENABLE_MODULES = YES;
				CLANG_ENABLE_OBJC_ARC = YES;
				CLANG_WARN_BOOL_CONVERSION = YES;
				CLANG_WARN_CONSTANT_CONVERSION = YES;
				CLANG_WARN_DIRECT_OBJC_ISA_USAGE = YES_ERROR;
				CLANG_WARN_DOCUMENTATION_COMMENTS = YES;
				CLANG_WARN_EMPTY_BODY = YES;
				CLANG_WARN_ENUM_CONVERSION = YES;
				CLANG_WARN_INFINITE_RECURSION = YES;
				CLANG_WARN_INT_CONVERSION = YES;
				CLANG_WARN_OBJC_ROOT_CLASS = YES_ERROR;
				CLANG_WARN_SUSPICIOUS_MOVE = YES;
				CLANG_WARN_UNREACHABLE_CODE = YES;
				CLANG_WARN__DUPLICATE_METHOD_MATCH = YES;
				"CODE_SIGN_IDENTITY[sdk=iphoneos*]" = "iPhone Developer";
				COPY_PHASE_STRIP = NO;
				DEBUG_INFORMATION_FORMAT = dwarf;
				ENABLE_STRICT_OBJC_MSGSEND = YES;
				ENABLE_TESTABILITY = YES;
				GCC_C_LANGUAGE_STANDARD = gnu99;
				GCC_DYNAMIC_NO_PIC = NO;
				GCC_NO_COMMON_BLOCKS = YES;
				GCC_OPTIMIZATION_LEVEL = 0;
				GCC_PREPROCESSOR_DEFINITIONS = (
					"DEBUG=1",
					"$(inherited)",
				);
				GCC_WARN_64_TO_32_BIT_CONVERSION = YES;
				GCC_WARN_ABOUT_RETURN_TYPE = YES_ERROR;
				GCC_WARN_UNDECLARED_SELECTOR = YES;
				GCC_WARN_UNINITIALIZED_AUTOS = YES_AGGRESSIVE;
				GCC_WARN_UNUSED_FUNCTION = YES;
				GCC_WARN_UNUSED_VARIABLE = YES;
				IPHONEOS_DEPLOYMENT_TARGET = 8.0;
				MTL_ENABLE_DEBUG_INFO = YES;
				ONLY_ACTIVE_ARCH = YES;
				SDKROOT = iphoneos;
			};
			name = Debug;
		};
		7813E4671E1FA35F000B16A9 /* Release */ = {
			isa = XCBuildConfiguration;
			buildSettings = {
				ALWAYS_SEARCH_USER_PATHS = NO;
				CLANG_ANALYZER_NONNULL = YES;
				CLANG_CXX_LANGUAGE_STANDARD = "gnu++0x";
				CLANG_CXX_LIBRARY = "libc++";
				CLANG_ENABLE_MODULES = YES;
				CLANG_ENABLE_OBJC_ARC = YES;
				CLANG_WARN_BOOL_CONVERSION = YES;
				CLANG_WARN_CONSTANT_CONVERSION = YES;
				CLANG_WARN_DIRECT_OBJC_ISA_USAGE = YES_ERROR;
				CLANG_WARN_DOCUMENTATION_COMMENTS = YES;
				CLANG_WARN_EMPTY_BODY = YES;
				CLANG_WARN_ENUM_CONVERSION = YES;
				CLANG_WARN_INFINITE_RECURSION = YES;
				CLANG_WARN_INT_CONVERSION = YES;
				CLANG_WARN_OBJC_ROOT_CLASS = YES_ERROR;
				CLANG_WARN_SUSPICIOUS_MOVE = YES;
				CLANG_WARN_UNREACHABLE_CODE = YES;
				CLANG_WARN__DUPLICATE_METHOD_MATCH = YES;
				"CODE_SIGN_IDENTITY[sdk=iphoneos*]" = "iPhone Developer";
				COPY_PHASE_STRIP = NO;
				DEBUG_INFORMATION_FORMAT = "dwarf-with-dsym";
				ENABLE_NS_ASSERTIONS = NO;
				ENABLE_STRICT_OBJC_MSGSEND = YES;
				GCC_C_LANGUAGE_STANDARD = gnu99;
				GCC_NO_COMMON_BLOCKS = YES;
				GCC_WARN_64_TO_32_BIT_CONVERSION = YES;
				GCC_WARN_ABOUT_RETURN_TYPE = YES_ERROR;
				GCC_WARN_UNDECLARED_SELECTOR = YES;
				GCC_WARN_UNINITIALIZED_AUTOS = YES_AGGRESSIVE;
				GCC_WARN_UNUSED_FUNCTION = YES;
				GCC_WARN_UNUSED_VARIABLE = YES;
				IPHONEOS_DEPLOYMENT_TARGET = 8.0;
				MTL_ENABLE_DEBUG_INFO = NO;
				SDKROOT = iphoneos;
				VALIDATE_PRODUCT = YES;
			};
			name = Release;
		};
		7813E4691E1FA35F000B16A9 /* Debug */ = {
			isa = XCBuildConfiguration;
			buildSettings = {
				GCC_PREFIX_HEADER = "${SRCROOT}/Tabbar/PrefixHeader.pch";
				HEADER_SEARCH_PATHS = (
					"\"${SRCROOT}/../../../\"/**",
					"\"${SRCROOT}/../../../../Pods/Headers/Public\"/**",
				);
				OTHER_LDFLAGS = "-ObjC";
				PRODUCT_NAME = "$(TARGET_NAME)";
				SKIP_INSTALL = YES;
				WARNING_CFLAGS = "-Wno-documentation";
			};
			name = Debug;
		};
		7813E46A1E1FA35F000B16A9 /* Release */ = {
			isa = XCBuildConfiguration;
			buildSettings = {
				GCC_PREFIX_HEADER = "${SRCROOT}/Tabbar/PrefixHeader.pch";
				HEADER_SEARCH_PATHS = (
					"\"${SRCROOT}/../../../\"/**",
					"\"${SRCROOT}/../../../../Pods/Headers/Public\"/**",
				);
				OTHER_LDFLAGS = "-ObjC";
				PRODUCT_NAME = "$(TARGET_NAME)";
				SKIP_INSTALL = YES;
				WARNING_CFLAGS = "-Wno-documentation";
			};
			name = Release;
		};
/* End XCBuildConfiguration section */

/* Begin XCConfigurationList section */
		7813E45A1E1FA35F000B16A9 /* Build configuration list for PBXProject "Tabbar" */ = {
			isa = XCConfigurationList;
			buildConfigurations = (
				7813E4661E1FA35F000B16A9 /* Debug */,
				7813E4671E1FA35F000B16A9 /* Release */,
			);
			defaultConfigurationIsVisible = 0;
			defaultConfigurationName = Release;
		};
		7813E4681E1FA35F000B16A9 /* Build configuration list for PBXNativeTarget "Tabbar" */ = {
			isa = XCConfigurationList;
			buildConfigurations = (
				7813E4691E1FA35F000B16A9 /* Debug */,
				7813E46A1E1FA35F000B16A9 /* Release */,
			);
			defaultConfigurationIsVisible = 0;
			defaultConfigurationName = Release;
		};
/* End XCConfigurationList section */
	};
	rootObject = 7813E4571E1FA35F000B16A9 /* Project object */;
}
